Microsoft Visual Studio Solution File, Format Version 12.00
# Visual Studio Version 17
VisualStudioVersion = 17.14.36221.1 d17.14
MinimumVisualStudioVersion = 10.0.40219.1
Project("{FAE04EC0-301F-11D3-BF4B-00C04F79EFBC}") = "NoPhishing", "NoPhishing.csproj", "{428B57E5-3101-4183-9F24-566E305FDC1D}"
EndProject
Global
	GlobalSection(SolutionConfigurationPlatforms) = preSolution
		Debug|Any CPU = Debug|Any CPU
		Release|Any CPU = Release|Any CPU
	EndGlobalSection
	GlobalSection(ProjectConfigurationPlatforms) = postSolution
		{428B57E5-3101-4183-9F24-566E305FDC1D}.Debug|Any CPU.ActiveCfg = Debug|Any CPU
		{428B57E5-3101-4183-9F24-566E305FDC1D}.Debug|Any CPU.Build.0 = Debug|Any CPU
		{428B57E5-3101-4183-9F24-566E305FDC1D}.Release|Any CPU.ActiveCfg = Release|Any CPU
		{428B57E5-3101-4183-9F24-566E305FDC1D}.Release|Any CPU.Build.0 = Release|Any CPU
	EndGlobalSection
	GlobalSection(SolutionProperties) = preSolution
		HideSolutionNode = FALSE
	EndGlobalSection
	GlobalSection(ExtensibilityGlobals) = postSolution
		SolutionGuid = {B80ACD2C-3578-4628-8531-DDCB65559B60}
	EndGlobalSection
EndGlobal
